{
  "name": "st-production-house-unified",
  "version": "0.1.0",
  "lockfileVersion": 3,
  "requires": true,
  "packages": {
    "": {
      "name": "st-production-house-unified",
      "version": "0.1.0",
      "private": true,
      "type": "module",
      "engines": {
        "node": ">=20"
      },
      "dependencies": {
        "argon2": "^0.45.1",
        "express": "^5.2.1",
        "pg": "^8.22.0"
      },
      "devDependencies": {
        "supertest": "^7.2.2"
      }
    },
    "node_modules/argon2": {
      "version": "0.45.1",
      "resolved": "https://registry.npmjs.org/argon2/-/argon2-0.45.1.tgz",
      "integrity": "sha512-OlY1g/yxzJsv3CQMy3GZXh2bXR4cDvF7aJ8DdXCfU+Xgyw47hxNYTCm7w0hNKvq5bAn0PF0fqJ7ckXUhLUVNQ==",
      "hasInstallScript": true,
      "engines": {
        "node": ">=18"
      }
    },
    "node_modules/express": {
      "version": "5.2.1",
      "resolved": "https://registry.npmjs.org/express/-/express-5.2.1.tgz",
      "integrity": "sha512-5/2Ri2DyGXZRvq8PBv4BkGmyKkFVvJWf8LEiNW7t3uwHdFm1BF8s2ScWDLHBXvzCkOqYH6W/+8VKt4VdEzHyHg==",
      "engines": {
        "node": ">=18"
      }
    },
    "node_modules/pg": {
      "version": "8.22.0",
      "resolved": "https://registry.npmjs.org/pg/-/pg-8.22.0.tgz",
      "integrity": "sha512-MbhPPGvJmyRq3cL5f4O3u3BnCqv0bPgLjCXsN4JBxTjcbhV1fK7vG1CtWrg8P1r5P8KOH8zGXgFx3Jdvz0gOQ==",
      "dependencies": {
        "buffer-writer": "2.0.0",
        "packet-stream-parser": "3.0.7",
        "pg-connection-string": "^2.6.4",
        "pg-pool": "^3.7.1",
        "pg-protocol": "^1.6.1",
        "pgpass": "1.0.5",
        "semver": "^4.3.2"
      },
      "engines": {
        "node": ">=18"
      }
    },
    "node_modules/pg/node_modules/semver": {
      "version": "4.3.2",
      "resolved": "https://registry.npmjs.org/semver/-/semver-4.3.2.tgz",
      "integrity": "sha512-x2207jsTLvHzytanMFlDyc6+FDHyaL6y3KOz7CMdeFE8+8PFfXZ5+u6o+oeFWEzS+RlcjlFw8GXV5gKYt3pYrQ=="
    },
    "node_modules/buffer-writer": {
      "version": "2.0.0",
      "resolved": "https://registry.npmjs.org/buffer-writer/-/buffer-writer-2.0.0.tgz",
      "integrity": "sha512-a7ZpuTZU1TRtnwyCNW3I5dc26bVl3cqBsSp6FEJ3M61qVEAS7yanQvRx4dFEuMKG3+oZd0lVvtF2040ijUe1Zw==",
      "engines": {
        "node": ">=4"
      }
    },
    "node_modules/packet-stream-parser": {
      "version": "3.0.7",
      "resolved": "https://registry.npmjs.org/packet-stream-parser/-/packet-stream-parser-3.0.7.tgz",
      "integrity": "sha512-aNRXFvG7FsOZHMvxW5q5nSsTxn7g1J9qA/pVvPz4DG1Vj/4LAGRbEJp2dslPIIc+Jgvz3oPLc3V8KrkfvXsNg==",
      "engines": {
        "node": ">=18"
      }
    },
    "node_modules/pg-connection-string": {
      "version": "2.6.4",
      "resolved": "https://registry.npmjs.org/pg-connection-string/-/pg-connection-string-2.6.4.tgz",
      "integrity": "sha512-v+Z7W/0EO707aNMQppKZagp5uIe4FxntIaoGrMQm5SI4+K6mSCG6MfVUIensT8r2XF8N4LcXsVLvq3DhrelB6w=="
    },
    "node_modules/pg-pool": {
      "version": "3.7.1",
      "resolved": "https://registry.npmjs.org/pg-pool/-/pg-pool-3.7.1.tgz",
      "integrity": "sha512-UtCRx3e0fmU8tOmg7B6F0D5v3v3LxgKJvfNPVnvvv5sDqLo9BuMdCdRcQUQ8Kf5tEX4kfvdLDOXE0Mj9xqDGQ==",
      "peerDependencies": {
        "pg": ">=8.0"
      }
    },
    "node_modules/pg-protocol": {
      "version": "1.6.1",
      "resolved": "https://registry.npmjs.org/pg-protocol/-/pg-protocol-1.6.1.tgz",
      "integrity": "sha512-jPIlnzmDqdMiKnXdsYNwJVjmPFe3hV2HMkosZduxB8Gxdoqq4s5wLZcWS5+LghDrwNiMFAbGgbHeE4b13pPQIg=="
    },
    "node_modules/pgpass": {
      "version": "1.0.5",
      "resolved": "https://registry.npmjs.org/pgpass/-/pgpass-1.0.5.tgz",
      "integrity": "sha512-FdW9r53DKOyxqf/fWuVR7uZz6Oi0vCJzchTKPLrmAtz2kNtg6gV3eCLpR60cERrGdVvKUDCD9iYIEClHhoowA=="
    },
    "node_modules/supertest": {
      "version": "7.2.2",
      "resolved": "https://registry.npmjs.org/supertest/-/supertest-7.2.2.tgz",
      "integrity": "sha512-JhD3gXxnekWEw+yCRhQ8H0lDEQIrHKDyC4rsgKlJpW7sZwCzHGdXBhKmFKiVB2E1u8HSHD9n6aMFnAB4UIhN2g==",
      "dev": true,
      "dependencies": {
        "methods": "^1.1.2",
        "node-fetch": "^2.7.0"
      },
      "engines": {
        "node": ">=14.18.0"
      }
    },
    "node_modules/methods": {
      "version": "1.1.2",
      "resolved": "https://registry.npmjs.org/methods/-/methods-1.1.2.tgz",
      "integrity": "sha512-iclmxEiY3CUJV9Z/Fx3xMzr0n4u9fchx1SsQ/r5G6pJ5LQ65PiEBZLrj6IwXvDdwL5H5Ye3vvL1P6bL8XScMQ==",
      "dev": true,
      "engines": {
        "node": ">= 6"
      }
    },
    "node_modules/node-fetch": {
      "version": "2.7.0",
      "resolved": "https://registry.npmjs.org/node-fetch/-/node-fetch-2.7.0.tgz",
      "integrity": "sha512-c4FRfUm/dbcWZ7U+1Pk5kpWqkaTT8RLsBQB2RgapumDe2HNJQXS6DLrm988ItJyZrLSO3D8Kj386DceaPgF56w==",
      "dev": true,
      "dependencies": {
        "whatwg-url": "^5.0.0"
      },
      "engines": {
        "node": "4.x || >=6.0.0"
      }
    },
    "node_modules/whatwg-url": {
      "version": "5.0.0",
      "resolved": "https://registry.npmjs.org/whatwg-url/-/whatwg-url-5.0.0.tgz",
      "integrity": "sha512-saE57nupxmbI9wNZd/omLevJU9dcQFAcFl4IfZaIJgiISige0LjcaIx7kT51nujI+QB7WGWRalessandro/1YxMVA==",
      "dev": true,
      "dependencies": {
        "tr46": "~0.0.3",
        "webidl-conversions": "^3.0.0"
      }
    },
    "node_modules/tr46": {
      "version": "0.0.3",
      "resolved": "https://registry.npmjs.org/tr46/-/tr46-0.0.3.tgz",
      "integrity": "sha512-N3WMsuqV66lT30CrXNbEjx4pKSrl6sTonxQnZOUN+NIcsKMjX+wC0I8resolve7KcUnrORQAPQcodqHmxCPQ7q5Q==",
      "dev": true
    },
    "node_modules/webidl-conversions": {
      "version": "3.0.1",
      "resolved": "https://registry.npmjs.org/webidl-conversions/-/webidl-conversions-3.0.1.tgz",
      "integrity": "sha512-2JAn3z8AR6nZ8j40FLa/r/AssU56SvpS0P7F1Sd83shZ1rS9gWIcn2BsNuNO+OQ7dkFjSSLZdgnLEEaBlJApLw==",
      "dev": true
    }
  }
}
